
Microsoft Visual Studio Solution File, Format Version 12.00
# Visual Studio Version 16
VisualStudioVersion = 16.0.30204.135
MinimumVisualStudioVersion = 10.0.40219.1
Project("{FAE04EC0-301F-11D3-BF4B-00C04F79EFBC}") = "Statistika", "Statistika\Statistika.csproj", "{B8B4937A-7D05-4099-8219-B868E7488B7F}"
EndProject
Global
	GlobalSection(SolutionConfigurationPlatforms) = preSolution
		Debug|Any CPU = Debug|Any CPU
		Release|Any CPU = Release|Any CPU
	EndGlobalSection
	GlobalSection(ProjectConfigurationPlatforms) = postSolution
		{B8B4937A-7D05-4099-8219-B868E7488B7F}.Debug|Any CPU.ActiveCfg = Debug|Any CPU
		{B8B4937A-7D05-4099-8219-B868E7488B7F}.Debug|Any CPU.Build.0 = Debug|Any CPU
		{B8B4937A-7D05-4099-8219-B868E7488B7F}.Release|Any CPU.ActiveCfg = Release|Any CPU
		{B8B4937A-7D05-4099-8219-B868E7488B7F}.Release|Any CPU.Build.0 = Release|Any CPU
	EndGlobalSection
	GlobalSection(SolutionProperties) = preSolution
		HideSolutionNode = FALSE
	EndGlobalSection
	GlobalSection(ExtensibilityGlobals) = postSolution
		SolutionGuid = {7721429C-FA69-402A-9EAC-956244B2FF7D}
	EndGlobalSection
EndGlobal
